
Microsoft Visual Studio Solution File, Format Version 12.00
# Visual Studio 14
VisualStudioVersion = 14.0.25420.1
MinimumVisualStudioVersion = 10.0.40219.1
Project("{FAE04EC0-301F-11D3-BF4B-00C04F79EFBC}") = "Collections", "Collections\Collections.csproj", "{1FFA8391-3572-43E7-BE7B-A4F602E431CB}"
EndProject
Project("{FAE04EC0-301F-11D3-BF4B-00C04F79EFBC}") = "ArtikelHashSet", "ArtikelHashSet\ArtikelHashSet.csproj", "{2A756D0B-EC73-4FE9-AA62-8B4ACA52C31E}"
EndProject
Project("{FAE04EC0-301F-11D3-BF4B-00C04F79EFBC}") = "BaumSortSet", "BaumSortSet\BaumSortSet.csproj", "{97DD002B-9E3E-40EA-83A0-ED7A714328A2}"
EndProject
Global
	GlobalSection(SolutionConfigurationPlatforms) = preSolution
		Debug|Any CPU = Debug|Any CPU
		Release|Any CPU = Release|Any CPU
	EndGlobalSection
	GlobalSection(ProjectConfigurationPlatforms) = postSolution
		{1FFA8391-3572-43E7-BE7B-A4F602E431CB}.Debug|Any CPU.ActiveCfg = Debug|Any CPU
		{1FFA8391-3572-43E7-BE7B-A4F602E431CB}.Debug|Any CPU.Build.0 = Debug|Any CPU
		{1FFA8391-3572-43E7-BE7B-A4F602E431CB}.Release|Any CPU.ActiveCfg = Release|Any CPU
		{1FFA8391-3572-43E7-BE7B-A4F602E431CB}.Release|Any CPU.Build.0 = Release|Any CPU
		{2A756D0B-EC73-4FE9-AA62-8B4ACA52C31E}.Debug|Any CPU.ActiveCfg = Debug|Any CPU
		{2A756D0B-EC73-4FE9-AA62-8B4ACA52C31E}.Debug|Any CPU.Build.0 = Debug|Any CPU
		{2A756D0B-EC73-4FE9-AA62-8B4ACA52C31E}.Release|Any CPU.ActiveCfg = Release|Any CPU
		{2A756D0B-EC73-4FE9-AA62-8B4ACA52C31E}.Release|Any CPU.Build.0 = Release|Any CPU
		{97DD002B-9E3E-40EA-83A0-ED7A714328A2}.Debug|Any CPU.ActiveCfg = Debug|Any CPU
		{97DD002B-9E3E-40EA-83A0-ED7A714328A2}.Debug|Any CPU.Build.0 = Debug|Any CPU
		{97DD002B-9E3E-40EA-83A0-ED7A714328A2}.Release|Any CPU.ActiveCfg = Release|Any CPU
		{97DD002B-9E3E-40EA-83A0-ED7A714328A2}.Release|Any CPU.Build.0 = Release|Any CPU
	EndGlobalSection
	GlobalSection(SolutionProperties) = preSolution
		HideSolutionNode = FALSE
	EndGlobalSection
EndGlobal
