
Microsoft Visual Studio Solution File, Format Version 12.00
# Visual Studio 14
VisualStudioVersion = 14.0.25420.1
MinimumVisualStudioVersion = 10.0.40219.1
Project("{FAE04EC0-301F-11D3-BF4B-00C04F79EFBC}") = "SupermarktThreading", "SupermarktThreading\SupermarktThreading.csproj", "{ED43F02C-B064-4AEC-9E33-D4790A86139F}"
EndProject
Project("{FAE04EC0-301F-11D3-BF4B-00C04F79EFBC}") = "ArbeitslagerThreading", "ArbeitslagerThreading\ArbeitslagerThreading.csproj", "{011B567D-3EC1-4E1F-B43C-7AD67B66AC75}"
EndProject
Global
	GlobalSection(SolutionConfigurationPlatforms) = preSolution
		Debug|Any CPU = Debug|Any CPU
		Release|Any CPU = Release|Any CPU
	EndGlobalSection
	GlobalSection(ProjectConfigurationPlatforms) = postSolution
		{ED43F02C-B064-4AEC-9E33-D4790A86139F}.Debug|Any CPU.ActiveCfg = Debug|Any CPU
		{ED43F02C-B064-4AEC-9E33-D4790A86139F}.Debug|Any CPU.Build.0 = Debug|Any CPU
		{ED43F02C-B064-4AEC-9E33-D4790A86139F}.Release|Any CPU.ActiveCfg = Release|Any CPU
		{ED43F02C-B064-4AEC-9E33-D4790A86139F}.Release|Any CPU.Build.0 = Release|Any CPU
		{011B567D-3EC1-4E1F-B43C-7AD67B66AC75}.Debug|Any CPU.ActiveCfg = Debug|Any CPU
		{011B567D-3EC1-4E1F-B43C-7AD67B66AC75}.Debug|Any CPU.Build.0 = Debug|Any CPU
		{011B567D-3EC1-4E1F-B43C-7AD67B66AC75}.Release|Any CPU.ActiveCfg = Release|Any CPU
		{011B567D-3EC1-4E1F-B43C-7AD67B66AC75}.Release|Any CPU.Build.0 = Release|Any CPU
	EndGlobalSection
	GlobalSection(SolutionProperties) = preSolution
		HideSolutionNode = FALSE
	EndGlobalSection
EndGlobal
