
Microsoft Visual Studio Solution File, Format Version 12.00
# Visual Studio 14
VisualStudioVersion = 14.0.25420.1
MinimumVisualStudioVersion = 10.0.40219.1
Project("{FAE04EC0-301F-11D3-BF4B-00C04F79EFBC}") = "Bibo_Teich", "Bibo_Teich\Bibo_Teich.csproj", "{D83C26EB-A41E-4547-80D8-D88198FCFD0D}"
EndProject
Project("{FAE04EC0-301F-11D3-BF4B-00C04F79EFBC}") = "Test_Bibo_Teich", "Test_Bibo_Teich\Test_Bibo_Teich.csproj", "{A0299D13-0D1C-4A9B-A9B9-3E1D051D6DE2}"
EndProject
Global
	GlobalSection(SolutionConfigurationPlatforms) = preSolution
		Debug|Any CPU = Debug|Any CPU
		Release|Any CPU = Release|Any CPU
	EndGlobalSection
	GlobalSection(ProjectConfigurationPlatforms) = postSolution
		{D83C26EB-A41E-4547-80D8-D88198FCFD0D}.Debug|Any CPU.ActiveCfg = Debug|Any CPU
		{D83C26EB-A41E-4547-80D8-D88198FCFD0D}.Debug|Any CPU.Build.0 = Debug|Any CPU
		{D83C26EB-A41E-4547-80D8-D88198FCFD0D}.Release|Any CPU.ActiveCfg = Release|Any CPU
		{D83C26EB-A41E-4547-80D8-D88198FCFD0D}.Release|Any CPU.Build.0 = Release|Any CPU
		{A0299D13-0D1C-4A9B-A9B9-3E1D051D6DE2}.Debug|Any CPU.ActiveCfg = Debug|Any CPU
		{A0299D13-0D1C-4A9B-A9B9-3E1D051D6DE2}.Debug|Any CPU.Build.0 = Debug|Any CPU
		{A0299D13-0D1C-4A9B-A9B9-3E1D051D6DE2}.Release|Any CPU.ActiveCfg = Release|Any CPU
		{A0299D13-0D1C-4A9B-A9B9-3E1D051D6DE2}.Release|Any CPU.Build.0 = Release|Any CPU
	EndGlobalSection
	GlobalSection(SolutionProperties) = preSolution
		HideSolutionNode = FALSE
	EndGlobalSection
EndGlobal
