
Microsoft Visual Studio Solution File, Format Version 12.00
# Visual Studio 14
VisualStudioVersion = 14.0.25420.1
MinimumVisualStudioVersion = 10.0.40219.1
Project("{FAE04EC0-301F-11D3-BF4B-00C04F79EFBC}") = "BieneBiblio", "BieneBiblio\BieneBiblio.csproj", "{3927184D-5FB7-4829-8062-DBA3680BB319}"
EndProject
Project("{FAE04EC0-301F-11D3-BF4B-00C04F79EFBC}") = "KonsolenBiene", "KonsolenBiene\KonsolenBiene.csproj", "{C02F799C-85ED-4590-AEF6-51A6F9332247}"
EndProject
Global
	GlobalSection(SolutionConfigurationPlatforms) = preSolution
		Debug|Any CPU = Debug|Any CPU
		Release|Any CPU = Release|Any CPU
	EndGlobalSection
	GlobalSection(ProjectConfigurationPlatforms) = postSolution
		{3927184D-5FB7-4829-8062-DBA3680BB319}.Debug|Any CPU.ActiveCfg = Debug|Any CPU
		{3927184D-5FB7-4829-8062-DBA3680BB319}.Debug|Any CPU.Build.0 = Debug|Any CPU
		{3927184D-5FB7-4829-8062-DBA3680BB319}.Release|Any CPU.ActiveCfg = Release|Any CPU
		{3927184D-5FB7-4829-8062-DBA3680BB319}.Release|Any CPU.Build.0 = Release|Any CPU
		{C02F799C-85ED-4590-AEF6-51A6F9332247}.Debug|Any CPU.ActiveCfg = Debug|Any CPU
		{C02F799C-85ED-4590-AEF6-51A6F9332247}.Debug|Any CPU.Build.0 = Debug|Any CPU
		{C02F799C-85ED-4590-AEF6-51A6F9332247}.Release|Any CPU.ActiveCfg = Release|Any CPU
		{C02F799C-85ED-4590-AEF6-51A6F9332247}.Release|Any CPU.Build.0 = Release|Any CPU
	EndGlobalSection
	GlobalSection(SolutionProperties) = preSolution
		HideSolutionNode = FALSE
	EndGlobalSection
EndGlobal
