
Microsoft Visual Studio Solution File, Format Version 12.00
# Visual Studio 14
VisualStudioVersion = 14.0.25420.1
MinimumVisualStudioVersion = 10.0.40219.1
Project("{FAE04EC0-301F-11D3-BF4B-00C04F79EFBC}") = "Hotelbuchung", "Hotelbuchung\Hotelbuchung.csproj", "{F47FC289-210E-4B5A-B10E-75B9BC0B1519}"
EndProject
Project("{FAE04EC0-301F-11D3-BF4B-00C04F79EFBC}") = "TestBiboHotel", "TestBiboHotel\TestBiboHotel.csproj", "{8E2EF292-8574-423E-9AE8-247FFB98B148}"
EndProject
Global
	GlobalSection(SolutionConfigurationPlatforms) = preSolution
		Debug|Any CPU = Debug|Any CPU
		Release|Any CPU = Release|Any CPU
	EndGlobalSection
	GlobalSection(ProjectConfigurationPlatforms) = postSolution
		{F47FC289-210E-4B5A-B10E-75B9BC0B1519}.Debug|Any CPU.ActiveCfg = Debug|Any CPU
		{F47FC289-210E-4B5A-B10E-75B9BC0B1519}.Debug|Any CPU.Build.0 = Debug|Any CPU
		{F47FC289-210E-4B5A-B10E-75B9BC0B1519}.Release|Any CPU.ActiveCfg = Release|Any CPU
		{F47FC289-210E-4B5A-B10E-75B9BC0B1519}.Release|Any CPU.Build.0 = Release|Any CPU
		{8E2EF292-8574-423E-9AE8-247FFB98B148}.Debug|Any CPU.ActiveCfg = Debug|Any CPU
		{8E2EF292-8574-423E-9AE8-247FFB98B148}.Debug|Any CPU.Build.0 = Debug|Any CPU
		{8E2EF292-8574-423E-9AE8-247FFB98B148}.Release|Any CPU.ActiveCfg = Release|Any CPU
		{8E2EF292-8574-423E-9AE8-247FFB98B148}.Release|Any CPU.Build.0 = Release|Any CPU
	EndGlobalSection
	GlobalSection(SolutionProperties) = preSolution
		HideSolutionNode = FALSE
	EndGlobalSection
EndGlobal
