
Microsoft Visual Studio Solution File, Format Version 12.00
# Visual Studio 14
VisualStudioVersion = 14.0.25420.1
MinimumVisualStudioVersion = 10.0.40219.1
Project("{FAE04EC0-301F-11D3-BF4B-00C04F79EFBC}") = "Elektrogräte", "Elektrogräte\Elektrogräte.csproj", "{3419F735-BB0F-43D9-BE91-9587CB4E5F33}"
EndProject
Project("{FAE04EC0-301F-11D3-BF4B-00C04F79EFBC}") = "Wohnhaus", "Wohnhaus\Wohnhaus.csproj", "{D5DC35BC-DF53-40CD-9277-797740B4893F}"
EndProject
Global
	GlobalSection(SolutionConfigurationPlatforms) = preSolution
		Debug|Any CPU = Debug|Any CPU
		Release|Any CPU = Release|Any CPU
	EndGlobalSection
	GlobalSection(ProjectConfigurationPlatforms) = postSolution
		{3419F735-BB0F-43D9-BE91-9587CB4E5F33}.Debug|Any CPU.ActiveCfg = Debug|Any CPU
		{3419F735-BB0F-43D9-BE91-9587CB4E5F33}.Debug|Any CPU.Build.0 = Debug|Any CPU
		{3419F735-BB0F-43D9-BE91-9587CB4E5F33}.Release|Any CPU.ActiveCfg = Release|Any CPU
		{3419F735-BB0F-43D9-BE91-9587CB4E5F33}.Release|Any CPU.Build.0 = Release|Any CPU
		{D5DC35BC-DF53-40CD-9277-797740B4893F}.Debug|Any CPU.ActiveCfg = Debug|Any CPU
		{D5DC35BC-DF53-40CD-9277-797740B4893F}.Debug|Any CPU.Build.0 = Debug|Any CPU
		{D5DC35BC-DF53-40CD-9277-797740B4893F}.Release|Any CPU.ActiveCfg = Release|Any CPU
		{D5DC35BC-DF53-40CD-9277-797740B4893F}.Release|Any CPU.Build.0 = Release|Any CPU
	EndGlobalSection
	GlobalSection(SolutionProperties) = preSolution
		HideSolutionNode = FALSE
	EndGlobalSection
EndGlobal
